
Microsoft Visual Studio Solution File, Format Version 12.00
# Visual Studio Version 17
VisualStudioVersion = 17.8.34408.163
MinimumVisualStudioVersion = 10.0.40219.1
Project("{9A19103F-16F7-4668-BE54-9A1E7A4F7556}") = "Factory_method2", "Patterns\Factory_method2.csproj", "{6A5A9F8B-6D62-4F5E-A1E2-6E711205F980}"
EndProject
Project("{9A19103F-16F7-4668-BE54-9A1E7A4F7556}") = "Abstract_Factory", "Abstract_Factory\Abstract_Factory.csproj", "{7C5F8EB7-83FA-49A2-9929-6064A035BCDA}"
EndProject
Project("{9A19103F-16F7-4668-BE54-9A1E7A4F7556}") = "Builder", "Builder\Builder.csproj", "{4E531A1E-57FB-444A-9E2D-BF059C64C79F}"
EndProject
Project("{9A19103F-16F7-4668-BE54-9A1E7A4F7556}") = "Prototype", "Prototype\Prototype.csproj", "{611318F7-57FB-4D3D-9797-CCDF314D0DD1}"
EndProject
Project("{9A19103F-16F7-4668-BE54-9A1E7A4F7556}") = "Singleton", "Singleton\Singleton.csproj", "{D08BA91C-3E56-49B0-AB86-A1F5A00EE192}"
EndProject
Project("{9A19103F-16F7-4668-BE54-9A1E7A4F7556}") = "Adapter", "Adapter\Adapter.csproj", "{3F1BF7B0-BF58-430A-84E4-FA0FEEE05CB7}"
EndProject
Project("{9A19103F-16F7-4668-BE54-9A1E7A4F7556}") = "Bridge", "Bridge\Bridge.csproj", "{36BA578F-9600-4359-86E2-B93761149D5F}"
EndProject
Project("{9A19103F-16F7-4668-BE54-9A1E7A4F7556}") = "Composite", "Composite\Composite.csproj", "{4638AAE7-4FCE-419E-A315-C525B4532030}"
EndProject
Project("{9A19103F-16F7-4668-BE54-9A1E7A4F7556}") = "Decorator", "Decorator\Decorator.csproj", "{DC23AC41-23C6-40D6-8B7F-E5B36E00427F}"
EndProject
Project("{9A19103F-16F7-4668-BE54-9A1E7A4F7556}") = "Facade", "Facade\Facade.csproj", "{D501EF11-BE1E-4DA7-B972-9B3C2CB29E08}"
EndProject
Project("{9A19103F-16F7-4668-BE54-9A1E7A4F7556}") = "FlyWeight", "FlyWeight\FlyWeight.csproj", "{6ACC2141-8751-4A3C-8FB0-DF4D3BFE259E}"
EndProject
Project("{9A19103F-16F7-4668-BE54-9A1E7A4F7556}") = "Proxy", "Proxy\Proxy.csproj", "{CF08EEA6-E496-49D1-9382-AE9A85FA8A64}"
EndProject
Project("{9A19103F-16F7-4668-BE54-9A1E7A4F7556}") = "Chain_of_Responsibility", "Chain_of_Responsibility\Chain_of_Responsibility.csproj", "{604FF276-700A-450B-AE2F-30AA89DFBF7F}"
EndProject
Project("{9A19103F-16F7-4668-BE54-9A1E7A4F7556}") = "Mediator", "Mediator\Mediator.csproj", "{B3D77F49-6F47-4E94-BAB7-74E4DAF83855}"
EndProject
Project("{9A19103F-16F7-4668-BE54-9A1E7A4F7556}") = "Memento", "Memento\Memento.csproj", "{3E69055F-0F32-4FA0-93B6-43B414945A28}"
EndProject
Project("{9A19103F-16F7-4668-BE54-9A1E7A4F7556}") = "Command", "Command\Command.csproj", "{06DEDFFB-27C3-495A-AC9E-5AA343D7EF1B}"
EndProject
Project("{9A19103F-16F7-4668-BE54-9A1E7A4F7556}") = "Iterator", "Iterator\Iterator.csproj", "{09D752B2-45AA-4D96-BC89-3D04A9A41B7E}"
EndProject
Project("{9A19103F-16F7-4668-BE54-9A1E7A4F7556}") = "Observer", "Observer\Observer.csproj", "{5FAE5A11-95EC-4B8B-AD35-ADB932285F69}"
EndProject
Project("{9A19103F-16F7-4668-BE54-9A1E7A4F7556}") = "State", "State\State.csproj", "{28240478-17A8-4291-AE60-121B8B87F234}"
EndProject
Project("{9A19103F-16F7-4668-BE54-9A1E7A4F7556}") = "Strategy", "Strategy\Strategy.csproj", "{7B50DCE5-C7D8-49B1-8F27-F77EBE80A71E}"
EndProject
Project("{FAE04EC0-301F-11D3-BF4B-00C04F79EFBC}") = "Template_method", "Template_method\Template_method.csproj", "{FD48FF4A-E2E0-4F21-8D65-CFFD974C50C7}"
EndProject
Project("{FAE04EC0-301F-11D3-BF4B-00C04F79EFBC}") = "Visitor", "Visitor\Visitor.csproj", "{7361F8A2-6596-488B-AF89-2A323196B98B}"
EndProject
Project("{FAE04EC0-301F-11D3-BF4B-00C04F79EFBC}") = "Factory_method", "Factory_method\Factory_method.csproj", "{06BD60C6-AEF4-4E69-94AB-6BE6BC66DAEA}"
EndProject
Global
	GlobalSection(SolutionConfigurationPlatforms) = preSolution
		Debug|Any CPU = Debug|Any CPU
		Release|Any CPU = Release|Any CPU
	EndGlobalSection
	GlobalSection(ProjectConfigurationPlatforms) = postSolution
		{6A5A9F8B-6D62-4F5E-A1E2-6E711205F980}.Debug|Any CPU.ActiveCfg = Debug|Any CPU
		{6A5A9F8B-6D62-4F5E-A1E2-6E711205F980}.Debug|Any CPU.Build.0 = Debug|Any CPU
		{6A5A9F8B-6D62-4F5E-A1E2-6E711205F980}.Release|Any CPU.ActiveCfg = Release|Any CPU
		{6A5A9F8B-6D62-4F5E-A1E2-6E711205F980}.Release|Any CPU.Build.0 = Release|Any CPU
		{7C5F8EB7-83FA-49A2-9929-6064A035BCDA}.Debug|Any CPU.ActiveCfg = Debug|Any CPU
		{7C5F8EB7-83FA-49A2-9929-6064A035BCDA}.Debug|Any CPU.Build.0 = Debug|Any CPU
		{7C5F8EB7-83FA-49A2-9929-6064A035BCDA}.Release|Any CPU.ActiveCfg = Release|Any CPU
		{7C5F8EB7-83FA-49A2-9929-6064A035BCDA}.Release|Any CPU.Build.0 = Release|Any CPU
		{4E531A1E-57FB-444A-9E2D-BF059C64C79F}.Debug|Any CPU.ActiveCfg = Debug|Any CPU
		{4E531A1E-57FB-444A-9E2D-BF059C64C79F}.Debug|Any CPU.Build.0 = Debug|Any CPU
		{4E531A1E-57FB-444A-9E2D-BF059C64C79F}.Release|Any CPU.ActiveCfg = Release|Any CPU
		{4E531A1E-57FB-444A-9E2D-BF059C64C79F}.Release|Any CPU.Build.0 = Release|Any CPU
		{611318F7-57FB-4D3D-9797-CCDF314D0DD1}.Debug|Any CPU.ActiveCfg = Debug|Any CPU
		{611318F7-57FB-4D3D-9797-CCDF314D0DD1}.Debug|Any CPU.Build.0 = Debug|Any CPU
		{611318F7-57FB-4D3D-9797-CCDF314D0DD1}.Release|Any CPU.ActiveCfg = Release|Any CPU
		{611318F7-57FB-4D3D-9797-CCDF314D0DD1}.Release|Any CPU.Build.0 = Release|Any CPU
		{D08BA91C-3E56-49B0-AB86-A1F5A00EE192}.Debug|Any CPU.ActiveCfg = Debug|Any CPU
		{D08BA91C-3E56-49B0-AB86-A1F5A00EE192}.Debug|Any CPU.Build.0 = Debug|Any CPU
		{D08BA91C-3E56-49B0-AB86-A1F5A00EE192}.Release|Any CPU.ActiveCfg = Release|Any CPU
		{D08BA91C-3E56-49B0-AB86-A1F5A00EE192}.Release|Any CPU.Build.0 = Release|Any CPU
		{3F1BF7B0-BF58-430A-84E4-FA0FEEE05CB7}.Debug|Any CPU.ActiveCfg = Debug|Any CPU
		{3F1BF7B0-BF58-430A-84E4-FA0FEEE05CB7}.Debug|Any CPU.Build.0 = Debug|Any CPU
		{3F1BF7B0-BF58-430A-84E4-FA0FEEE05CB7}.Release|Any CPU.ActiveCfg = Release|Any CPU
		{3F1BF7B0-BF58-430A-84E4-FA0FEEE05CB7}.Release|Any CPU.Build.0 = Release|Any CPU
		{36BA578F-9600-4359-86E2-B93761149D5F}.Debug|Any CPU.ActiveCfg = Debug|Any CPU
		{36BA578F-9600-4359-86E2-B93761149D5F}.Debug|Any CPU.Build.0 = Debug|Any CPU
		{36BA578F-9600-4359-86E2-B93761149D5F}.Release|Any CPU.ActiveCfg = Release|Any CPU
		{36BA578F-9600-4359-86E2-B93761149D5F}.Release|Any CPU.Build.0 = Release|Any CPU
		{4638AAE7-4FCE-419E-A315-C525B4532030}.Debug|Any CPU.ActiveCfg = Debug|Any CPU
		{4638AAE7-4FCE-419E-A315-C525B4532030}.Debug|Any CPU.Build.0 = Debug|Any CPU
		{4638AAE7-4FCE-419E-A315-C525B4532030}.Release|Any CPU.ActiveCfg = Release|Any CPU
		{4638AAE7-4FCE-419E-A315-C525B4532030}.Release|Any CPU.Build.0 = Release|Any CPU
		{DC23AC41-23C6-40D6-8B7F-E5B36E00427F}.Debug|Any CPU.ActiveCfg = Debug|Any CPU
		{DC23AC41-23C6-40D6-8B7F-E5B36E00427F}.Debug|Any CPU.Build.0 = Debug|Any CPU
		{DC23AC41-23C6-40D6-8B7F-E5B36E00427F}.Release|Any CPU.ActiveCfg = Release|Any CPU
		{DC23AC41-23C6-40D6-8B7F-E5B36E00427F}.Release|Any CPU.Build.0 = Release|Any CPU
		{D501EF11-BE1E-4DA7-B972-9B3C2CB29E08}.Debug|Any CPU.ActiveCfg = Debug|Any CPU
		{D501EF11-BE1E-4DA7-B972-9B3C2CB29E08}.Debug|Any CPU.Build.0 = Debug|Any CPU
		{D501EF11-BE1E-4DA7-B972-9B3C2CB29E08}.Release|Any CPU.ActiveCfg = Release|Any CPU
		{D501EF11-BE1E-4DA7-B972-9B3C2CB29E08}.Release|Any CPU.Build.0 = Release|Any CPU
		{6ACC2141-8751-4A3C-8FB0-DF4D3BFE259E}.Debug|Any CPU.ActiveCfg = Debug|Any CPU
		{6ACC2141-8751-4A3C-8FB0-DF4D3BFE259E}.Debug|Any CPU.Build.0 = Debug|Any CPU
		{6ACC2141-8751-4A3C-8FB0-DF4D3BFE259E}.Release|Any CPU.ActiveCfg = Release|Any CPU
		{6ACC2141-8751-4A3C-8FB0-DF4D3BFE259E}.Release|Any CPU.Build.0 = Release|Any CPU
		{CF08EEA6-E496-49D1-9382-AE9A85FA8A64}.Debug|Any CPU.ActiveCfg = Debug|Any CPU
		{CF08EEA6-E496-49D1-9382-AE9A85FA8A64}.Debug|Any CPU.Build.0 = Debug|Any CPU
		{CF08EEA6-E496-49D1-9382-AE9A85FA8A64}.Release|Any CPU.ActiveCfg = Release|Any CPU
		{CF08EEA6-E496-49D1-9382-AE9A85FA8A64}.Release|Any CPU.Build.0 = Release|Any CPU
		{604FF276-700A-450B-AE2F-30AA89DFBF7F}.Debug|Any CPU.ActiveCfg = Debug|Any CPU
		{604FF276-700A-450B-AE2F-30AA89DFBF7F}.Debug|Any CPU.Build.0 = Debug|Any CPU
		{604FF276-700A-450B-AE2F-30AA89DFBF7F}.Release|Any CPU.ActiveCfg = Release|Any CPU
		{604FF276-700A-450B-AE2F-30AA89DFBF7F}.Release|Any CPU.Build.0 = Release|Any CPU
		{B3D77F49-6F47-4E94-BAB7-74E4DAF83855}.Debug|Any CPU.ActiveCfg = Debug|Any CPU
		{B3D77F49-6F47-4E94-BAB7-74E4DAF83855}.Debug|Any CPU.Build.0 = Debug|Any CPU
		{B3D77F49-6F47-4E94-BAB7-74E4DAF83855}.Release|Any CPU.ActiveCfg = Release|Any CPU
		{B3D77F49-6F47-4E94-BAB7-74E4DAF83855}.Release|Any CPU.Build.0 = Release|Any CPU
		{3E69055F-0F32-4FA0-93B6-43B414945A28}.Debug|Any CPU.ActiveCfg = Debug|Any CPU
		{3E69055F-0F32-4FA0-93B6-43B414945A28}.Debug|Any CPU.Build.0 = Debug|Any CPU
		{3E69055F-0F32-4FA0-93B6-43B414945A28}.Release|Any CPU.ActiveCfg = Release|Any CPU
		{3E69055F-0F32-4FA0-93B6-43B414945A28}.Release|Any CPU.Build.0 = Release|Any CPU
		{06DEDFFB-27C3-495A-AC9E-5AA343D7EF1B}.Debug|Any CPU.ActiveCfg = Debug|Any CPU
		{06DEDFFB-27C3-495A-AC9E-5AA343D7EF1B}.Debug|Any CPU.Build.0 = Debug|Any CPU
		{06DEDFFB-27C3-495A-AC9E-5AA343D7EF1B}.Release|Any CPU.ActiveCfg = Release|Any CPU
		{06DEDFFB-27C3-495A-AC9E-5AA343D7EF1B}.Release|Any CPU.Build.0 = Release|Any CPU
		{09D752B2-45AA-4D96-BC89-3D04A9A41B7E}.Debug|Any CPU.ActiveCfg = Debug|Any CPU
		{09D752B2-45AA-4D96-BC89-3D04A9A41B7E}.Debug|Any CPU.Build.0 = Debug|Any CPU
		{09D752B2-45AA-4D96-BC89-3D04A9A41B7E}.Release|Any CPU.ActiveCfg = Release|Any CPU
		{09D752B2-45AA-4D96-BC89-3D04A9A41B7E}.Release|Any CPU.Build.0 = Release|Any CPU
		{5FAE5A11-95EC-4B8B-AD35-ADB932285F69}.Debug|Any CPU.ActiveCfg = Debug|Any CPU
		{5FAE5A11-95EC-4B8B-AD35-ADB932285F69}.Debug|Any CPU.Build.0 = Debug|Any CPU
		{5FAE5A11-95EC-4B8B-AD35-ADB932285F69}.Release|Any CPU.ActiveCfg = Release|Any CPU
		{5FAE5A11-95EC-4B8B-AD35-ADB932285F69}.Release|Any CPU.Build.0 = Release|Any CPU
		{28240478-17A8-4291-AE60-121B8B87F234}.Debug|Any CPU.ActiveCfg = Debug|Any CPU
		{28240478-17A8-4291-AE60-121B8B87F234}.Debug|Any CPU.Build.0 = Debug|Any CPU
		{28240478-17A8-4291-AE60-121B8B87F234}.Release|Any CPU.ActiveCfg = Release|Any CPU
		{28240478-17A8-4291-AE60-121B8B87F234}.Release|Any CPU.Build.0 = Release|Any CPU
		{7B50DCE5-C7D8-49B1-8F27-F77EBE80A71E}.Debug|Any CPU.ActiveCfg = Debug|Any CPU
		{7B50DCE5-C7D8-49B1-8F27-F77EBE80A71E}.Debug|Any CPU.Build.0 = Debug|Any CPU
		{7B50DCE5-C7D8-49B1-8F27-F77EBE80A71E}.Release|Any CPU.ActiveCfg = Release|Any CPU
		{7B50DCE5-C7D8-49B1-8F27-F77EBE80A71E}.Release|Any CPU.Build.0 = Release|Any CPU
		{FD48FF4A-E2E0-4F21-8D65-CFFD974C50C7}.Debug|Any CPU.ActiveCfg = Debug|Any CPU
		{FD48FF4A-E2E0-4F21-8D65-CFFD974C50C7}.Debug|Any CPU.Build.0 = Debug|Any CPU
		{FD48FF4A-E2E0-4F21-8D65-CFFD974C50C7}.Release|Any CPU.ActiveCfg = Release|Any CPU
		{FD48FF4A-E2E0-4F21-8D65-CFFD974C50C7}.Release|Any CPU.Build.0 = Release|Any CPU
		{7361F8A2-6596-488B-AF89-2A323196B98B}.Debug|Any CPU.ActiveCfg = Debug|Any CPU
		{7361F8A2-6596-488B-AF89-2A323196B98B}.Debug|Any CPU.Build.0 = Debug|Any CPU
		{7361F8A2-6596-488B-AF89-2A323196B98B}.Release|Any CPU.ActiveCfg = Release|Any CPU
		{7361F8A2-6596-488B-AF89-2A323196B98B}.Release|Any CPU.Build.0 = Release|Any CPU
		{06BD60C6-AEF4-4E69-94AB-6BE6BC66DAEA}.Debug|Any CPU.ActiveCfg = Debug|Any CPU
		{06BD60C6-AEF4-4E69-94AB-6BE6BC66DAEA}.Debug|Any CPU.Build.0 = Debug|Any CPU
		{06BD60C6-AEF4-4E69-94AB-6BE6BC66DAEA}.Release|Any CPU.ActiveCfg = Release|Any CPU
		{06BD60C6-AEF4-4E69-94AB-6BE6BC66DAEA}.Release|Any CPU.Build.0 = Release|Any CPU
	EndGlobalSection
	GlobalSection(SolutionProperties) = preSolution
		HideSolutionNode = FALSE
	EndGlobalSection
	GlobalSection(ExtensibilityGlobals) = postSolution
		SolutionGuid = {6855FA64-1B6C-420A-8885-C0E528C3165E}
	EndGlobalSection
EndGlobal
