
Microsoft Visual Studio Solution File, Format Version 12.00
# Visual Studio Version 17
VisualStudioVersion = 17.8.34408.163
MinimumVisualStudioVersion = 10.0.40219.1
Project("{9A19103F-16F7-4668-BE54-9A1E7A4F7556}") = "Factory_method", "Patterns\Factory_method.csproj", "{6A5A9F8B-6D62-4F5E-A1E2-6E711205F980}"
EndProject
Project("{9A19103F-16F7-4668-BE54-9A1E7A4F7556}") = "Abstract_Factory", "Abstract_Factory\Abstract_Factory.csproj", "{7C5F8EB7-83FA-49A2-9929-6064A035BCDA}"
EndProject
Project("{9A19103F-16F7-4668-BE54-9A1E7A4F7556}") = "Builder", "Builder\Builder.csproj", "{4E531A1E-57FB-444A-9E2D-BF059C64C79F}"
EndProject
Project("{9A19103F-16F7-4668-BE54-9A1E7A4F7556}") = "Prototype", "Prototype\Prototype.csproj", "{611318F7-57FB-4D3D-9797-CCDF314D0DD1}"
EndProject
Project("{9A19103F-16F7-4668-BE54-9A1E7A4F7556}") = "Singleton", "Singleton\Singleton.csproj", "{D08BA91C-3E56-49B0-AB86-A1F5A00EE192}"
EndProject
Project("{9A19103F-16F7-4668-BE54-9A1E7A4F7556}") = "Adapter", "Adapter\Adapter.csproj", "{3F1BF7B0-BF58-430A-84E4-FA0FEEE05CB7}"
EndProject
Project("{9A19103F-16F7-4668-BE54-9A1E7A4F7556}") = "Bridge", "Bridge\Bridge.csproj", "{36BA578F-9600-4359-86E2-B93761149D5F}"
EndProject
Project("{FAE04EC0-301F-11D3-BF4B-00C04F79EFBC}") = "Composite", "Composite\Composite.csproj", "{4638AAE7-4FCE-419E-A315-C525B4532030}"
EndProject
Global
	GlobalSection(SolutionConfigurationPlatforms) = preSolution
		Debug|Any CPU = Debug|Any CPU
		Release|Any CPU = Release|Any CPU
	EndGlobalSection
	GlobalSection(ProjectConfigurationPlatforms) = postSolution
		{6A5A9F8B-6D62-4F5E-A1E2-6E711205F980}.Debug|Any CPU.ActiveCfg = Debug|Any CPU
		{6A5A9F8B-6D62-4F5E-A1E2-6E711205F980}.Debug|Any CPU.Build.0 = Debug|Any CPU
		{6A5A9F8B-6D62-4F5E-A1E2-6E711205F980}.Release|Any CPU.ActiveCfg = Release|Any CPU
		{6A5A9F8B-6D62-4F5E-A1E2-6E711205F980}.Release|Any CPU.Build.0 = Release|Any CPU
		{7C5F8EB7-83FA-49A2-9929-6064A035BCDA}.Debug|Any CPU.ActiveCfg = Debug|Any CPU
		{7C5F8EB7-83FA-49A2-9929-6064A035BCDA}.Debug|Any CPU.Build.0 = Debug|Any CPU
		{7C5F8EB7-83FA-49A2-9929-6064A035BCDA}.Release|Any CPU.ActiveCfg = Release|Any CPU
		{7C5F8EB7-83FA-49A2-9929-6064A035BCDA}.Release|Any CPU.Build.0 = Release|Any CPU
		{4E531A1E-57FB-444A-9E2D-BF059C64C79F}.Debug|Any CPU.ActiveCfg = Debug|Any CPU
		{4E531A1E-57FB-444A-9E2D-BF059C64C79F}.Debug|Any CPU.Build.0 = Debug|Any CPU
		{4E531A1E-57FB-444A-9E2D-BF059C64C79F}.Release|Any CPU.ActiveCfg = Release|Any CPU
		{4E531A1E-57FB-444A-9E2D-BF059C64C79F}.Release|Any CPU.Build.0 = Release|Any CPU
		{611318F7-57FB-4D3D-9797-CCDF314D0DD1}.Debug|Any CPU.ActiveCfg = Debug|Any CPU
		{611318F7-57FB-4D3D-9797-CCDF314D0DD1}.Debug|Any CPU.Build.0 = Debug|Any CPU
		{611318F7-57FB-4D3D-9797-CCDF314D0DD1}.Release|Any CPU.ActiveCfg = Release|Any CPU
		{611318F7-57FB-4D3D-9797-CCDF314D0DD1}.Release|Any CPU.Build.0 = Release|Any CPU
		{D08BA91C-3E56-49B0-AB86-A1F5A00EE192}.Debug|Any CPU.ActiveCfg = Debug|Any CPU
		{D08BA91C-3E56-49B0-AB86-A1F5A00EE192}.Debug|Any CPU.Build.0 = Debug|Any CPU
		{D08BA91C-3E56-49B0-AB86-A1F5A00EE192}.Release|Any CPU.ActiveCfg = Release|Any CPU
		{D08BA91C-3E56-49B0-AB86-A1F5A00EE192}.Release|Any CPU.Build.0 = Release|Any CPU
		{3F1BF7B0-BF58-430A-84E4-FA0FEEE05CB7}.Debug|Any CPU.ActiveCfg = Debug|Any CPU
		{3F1BF7B0-BF58-430A-84E4-FA0FEEE05CB7}.Debug|Any CPU.Build.0 = Debug|Any CPU
		{3F1BF7B0-BF58-430A-84E4-FA0FEEE05CB7}.Release|Any CPU.ActiveCfg = Release|Any CPU
		{3F1BF7B0-BF58-430A-84E4-FA0FEEE05CB7}.Release|Any CPU.Build.0 = Release|Any CPU
		{36BA578F-9600-4359-86E2-B93761149D5F}.Debug|Any CPU.ActiveCfg = Debug|Any CPU
		{36BA578F-9600-4359-86E2-B93761149D5F}.Debug|Any CPU.Build.0 = Debug|Any CPU
		{36BA578F-9600-4359-86E2-B93761149D5F}.Release|Any CPU.ActiveCfg = Release|Any CPU
		{36BA578F-9600-4359-86E2-B93761149D5F}.Release|Any CPU.Build.0 = Release|Any CPU
		{4638AAE7-4FCE-419E-A315-C525B4532030}.Debug|Any CPU.ActiveCfg = Debug|Any CPU
		{4638AAE7-4FCE-419E-A315-C525B4532030}.Debug|Any CPU.Build.0 = Debug|Any CPU
		{4638AAE7-4FCE-419E-A315-C525B4532030}.Release|Any CPU.ActiveCfg = Release|Any CPU
		{4638AAE7-4FCE-419E-A315-C525B4532030}.Release|Any CPU.Build.0 = Release|Any CPU
	EndGlobalSection
	GlobalSection(SolutionProperties) = preSolution
		HideSolutionNode = FALSE
	EndGlobalSection
	GlobalSection(ExtensibilityGlobals) = postSolution
		SolutionGuid = {6855FA64-1B6C-420A-8885-C0E528C3165E}
	EndGlobalSection
EndGlobal
